// !$*UTF8*$!
{
	archiveVersion = 1;
	classes = {
	};
	objectVersion = 46;
	objects = {

/* Begin PBXBuildFile section */
		E5777D741D2E3A1A0045DB65 /* AppDelegate.swift in Sources */ = {isa = PBXBuildFile; fileRef = E5777D731D2E3A1A0045DB65 /* AppDelegate.swift */; };
		E5777D761D2E3A1A0045DB65 /* ViewController.swift in Sources */ = {isa = PBXBuildFile; fileRef = E5777D751D2E3A1A0045DB65 /* ViewController.swift */; };
		E5777D781D2E3A1A0045DB65 /* Assets.xcassets in Resources */ = {isa = PBXBuildFile; fileRef = E5777D771D2E3A1A0045DB65 /* Assets.xcassets */; };
		E5777D7B1D2E3A1A0045DB65 /* Main.storyboard in Resources */ = {isa = PBXBuildFile; fileRef = E5777D791D2E3A1A0045DB65 /* Main.storyboard */; };
		E5777D831D2E3E190045DB65 /* OpenGLView.swift in Sources */ = {isa = PBXBuildFile; fileRef = E5777D821D2E3E190045DB65 /* OpenGLView.swift */; };
		E5777D851D2E3E730045DB65 /* OpenGL.framework in Frameworks */ = {isa = PBXBuildFile; fileRef = E5777D841D2E3E730045DB65 /* OpenGL.framework */; };
/* End PBXBuildFile section */

/* Begin PBXFileReference section */
		E5777D701D2E3A1A0045DB65 /* SwiftOpenGL.app */ = {isa = PBXFileReference; explicitFileType = wrapper.application; includeInIndex = 0; path = SwiftOpenGL.app; sourceTree = BUILT_PRODUCTS_DIR; };
		E5777D731D2E3A1A0045DB65 /* AppDelegate.swift */ = {isa = PBXFileReference; lastKnownFileType = sourcecode.swift; path = AppDelegate.swift; sourceTree = "<group>"; };
		E5777D751D2E3A1A0045DB65 /* ViewController.swift */ = {isa = PBXFileReference; lastKnownFileType = sourcecode.swift; path = ViewController.swift; sourceTree = "<group>"; };
		E5777D771D2E3A1A0045DB65 /* Assets.xcassets */ = {isa = PBXFileReference; lastKnownFileType = folder.assetcatalog; path = Assets.xcassets; sourceTree = "<group>"; };
		E5777D7A1D2E3A1A0045DB65 /* Base */ = {isa = PBXFileReference; lastKnownFileType = file.storyboard; name = Base; path = Base.lproj/Main.storyboard; sourceTree = "<group>"; };
		E5777D7C1D2E3A1A0045DB65 /* Info.plist */ = {isa = PBXFileReference; lastKnownFileType = text.plist.xml; path = Info.plist; sourceTree = "<group>"; };
		E5777D821D2E3E190045DB65 /* OpenGLView.swift */ = {isa = PBXFileReference; fileEncoding = 4; lastKnownFileType = sourcecode.swift; path = OpenGLView.swift; sourceTree = "<group>"; };
		E5777D841D2E3E730045DB65 /* OpenGL.framework */ = {isa = PBXFileReference; lastKnownFileType = wrapper.framework; name = OpenGL.framework; path = System/Library/Frameworks/OpenGL.framework; sourceTree = SDKROOT; };
/* End PBXFileReference section */

/* Begin PBXFrameworksBuildPhase section */
		E5777D6D1D2E3A1A0045DB65 /* Frameworks */ = {
			isa = PBXFrameworksBuildPhase;
			buildActionMask = 2147483647;
			files = (
				E5777D851D2E3E730045DB65 /* OpenGL.framework in Frameworks */,
			);
			runOnlyForDeploymentPostprocessing = 0;
		};
/* End PBXFrameworksBuildPhase section */

/* Begin PBXGroup section */
		E5777D671D2E3A1A0045DB65 = {
			isa = PBXGroup;
			children = (
				E5777D721D2E3A1A0045DB65 /* SwiftOpenGL */,
				E5777D711D2E3A1A0045DB65 /* Products */,
			);
			sourceTree = "<group>";
		};
		E5777D711D2E3A1A0045DB65 /* Products */ = {
			isa = PBXGroup;
			children = (
				E5777D701D2E3A1A0045DB65 /* SwiftOpenGL.app */,
			);
			name = Products;
			sourceTree = "<group>";
		};
		E5777D721D2E3A1A0045DB65 /* SwiftOpenGL */ = {
			isa = PBXGroup;
			children = (
				E5777D861D2E3E7A0045DB65 /* Frameworks */,
				E5777D731D2E3A1A0045DB65 /* AppDelegate.swift */,
				E5777D751D2E3A1A0045DB65 /* ViewController.swift */,
				E5777D821D2E3E190045DB65 /* OpenGLView.swift */,
				E5777D771D2E3A1A0045DB65 /* Assets.xcassets */,
				E5777D791D2E3A1A0045DB65 /* Main.storyboard */,
				E5777D7C1D2E3A1A0045DB65 /* Info.plist */,
			);
			path = SwiftOpenGL;
			sourceTree = "<group>";
		};
		E5777D861D2E3E7A0045DB65 /* Frameworks */ = {
			isa = PBXGroup;
			children = (
				E5777D841D2E3E730045DB65 /* OpenGL.framework */,
			);
			name = Frameworks;
			sourceTree = "<group>";
		};
/* End PBXGroup section */

/* Begin PBXNativeTarget section */
		E5777D6F1D2E3A1A0045DB65 /* SwiftOpenGL */ = {
			isa = PBXNativeTarget;
			buildConfigurationList = E5777D7F1D2E3A1A0045DB65 /* Build configuration list for PBXNativeTarget "SwiftOpenGL" */;
			buildPhases = (
				E5777D6C1D2E3A1A0045DB65 /* Sources */,
				E5777D6D1D2E3A1A0045DB65 /* Frameworks */,
				E5777D6E1D2E3A1A0045DB65 /* Resources */,
			);
			buildRules = (
			);
			dependencies = (
			);
			name = SwiftOpenGL;
			productName = SwiftOpenGL;
			productReference = E5777D701D2E3A1A0045DB65 /* SwiftOpenGL.app */;
			productType = "com.apple.product-type.application";
		};
/* End PBXNativeTarget section */

/* Begin PBXProject section */
		E5777D681D2E3A1A0045DB65 /* Project object */ = {
			isa = PBXProject;
			attributes = {
				LastSwiftUpdateCheck = 0730;
				LastUpgradeCheck = 0730;
				ORGANIZATIONNAME = "Pawel Ropa";
				TargetAttributes = {
					E5777D6F1D2E3A1A0045DB65 = {
						CreatedOnToolsVersion = 7.3;
					};
				};
			};
			buildConfigurationList = E5777D6B1D2E3A1A0045DB65 /* Build configuration list for PBXProject "SwiftOpenGL" */;
			compatibilityVersion = "Xcode 3.2";
			developmentRegion = English;
			hasScannedForEncodings = 0;
			knownRegions = (
				en,
				Base,
			);
			mainGroup = E5777D671D2E3A1A0045DB65;
			productRefGroup = E5777D711D2E3A1A0045DB65 /* Products */;
			projectDirPath = "";
			projectRoot = "";
			targets = (
				E5777D6F1D2E3A1A0045DB65 /* SwiftOpenGL */,
			);
		};
/* End PBXProject section */

/* Begin PBXResourcesBuildPhase section */
		E5777D6E1D2E3A1A0045DB65 /* Resources */ = {
			isa = PBXResourcesBuildPhase;
			buildActionMask = 2147483647;
			files = (
				E5777D781D2E3A1A0045DB65 /* Assets.xcassets in Resources */,
				E5777D7B1D2E3A1A0045DB65 /* Main.storyboard in Resources */,
			);
			runOnlyForDeploymentPostprocessing = 0;
		};
/* End PBXResourcesBuildPhase section */

/* Begin PBXSourcesBuildPhase section */
		E5777D6C1D2E3A1A0045DB65 /* Sources */ = {
			isa = PBXSourcesBuildPhase;
			buildActionMask = 2147483647;
			files = (
				E5777D761D2E3A1A0045DB65 /* ViewController.swift in Sources */,
				E5777D831D2E3E190045DB65 /* OpenGLView.swift in Sources */,
				E5777D741D2E3A1A0045DB65 /* AppDelegate.swift in Sources */,
			);
			runOnlyForDeploymentPostprocessing = 0;
		};
/* End PBXSourcesBuildPhase section */

/* Begin PBXVariantGroup section */
		E5777D791D2E3A1A0045DB65 /* Main.storyboard */ = {
			isa = PBXVariantGroup;
			children = (
				E5777D7A1D2E3A1A0045DB65 /* Base */,
			);
			name = Main.storyboard;
			sourceTree = "<group>";
		};
/* End PBXVariantGroup section */

/* Begin XCBuildConfiguration section */
		E5777D7D1D2E3A1A0045DB65 /* Debug */ = {
			isa = XCBuildConfiguration;
			buildSettings = {
				ALWAYS_SEARCH_USER_PATHS = NO;
				CLANG_ANALYZER_NONNULL = YES;
				CLANG_CXX_LANGUAGE_STANDARD = "gnu++0x";
				CLANG_CXX_LIBRARY = "libc++";
				CLANG_ENABLE_MODULES = YES;
				CLANG_ENABLE_OBJC_ARC = YES;
				CLANG_WARN_BOOL_CONVERSION = YES;
				CLANG_WARN_CONSTANT_CONVERSION = YES;
				CLANG_WARN_DIRECT_OBJC_ISA_USAGE = YES_ERROR;
				CLANG_WARN_EMPTY_BODY = YES;
				CLANG_WARN_ENUM_CONVERSION = YES;
				CLANG_WARN_INT_CONVERSION = YES;
				CLANG_WARN_OBJC_ROOT_CLASS = YES_ERROR;
				CLANG_WARN_UNREACHABLE_CODE = YES;
				CLANG_WARN__DUPLICATE_METHOD_MATCH = YES;
				CODE_SIGN_IDENTITY = "-";
				COPY_PHASE_STRIP = NO;
				DEBUG_INFORMATION_FORMAT = dwarf;
				ENABLE_STRICT_OBJC_MSGSEND = YES;
				ENABLE_TESTABILITY = YES;
				GCC_C_LANGUAGE_STANDARD = gnu99;
				GCC_DYNAMIC_NO_PIC = NO;
				GCC_NO_COMMON_BLOCKS = YES;
				GCC_OPTIMIZATION_LEVEL = 0;
				GCC_PREPROCESSOR_DEFINITIONS = (
					"DEBUG=1",
					"$(inherited)",
				);
				GCC_WARN_64_TO_32_BIT_CONVERSION = YES;
				GCC_WARN_ABOUT_RETURN_TYPE = YES_ERROR;
				GCC_WARN_UNDECLARED_SELECTOR = YES;
				GCC_WARN_UNINITIALIZED_AUTOS = YES_AGGRESSIVE;
				GCC_WARN_UNUSED_FUNCTION = YES;
				GCC_WARN_UNUSED_VARIABLE = YES;
				MACOSX_DEPLOYMENT_TARGET = 10.11;
				MTL_ENABLE_DEBUG_INFO = YES;
				ONLY_ACTIVE_ARCH = YES;
				SDKROOT = macosx;
				SWIFT_OPTIMIZATION_LEVEL = "-Onone";
			};
			name = Debug;
		};
		E5777D7E1D2E3A1A0045DB65 /* Release */ = {
			isa = XCBuildConfiguration;
			buildSettings = {
				ALWAYS_SEARCH_USER_PATHS = NO;
				CLANG_ANALYZER_NONNULL = YES;
				CLANG_CXX_LANGUAGE_STANDARD = "gnu++0x";
				CLANG_CXX_LIBRARY = "libc++";
				CLANG_ENABLE_MODULES = YES;
				CLANG_ENABLE_OBJC_ARC = YES;
				CLANG_WARN_BOOL_CONVERSION = YES;
				CLANG_WARN_CONSTANT_CONVERSION = YES;
				CLANG_WARN_DIRECT_OBJC_ISA_USAGE = YES_ERROR;
				CLANG_WARN_EMPTY_BODY = YES;
				CLANG_WARN_ENUM_CONVERSION = YES;
				CLANG_WARN_INT_CONVERSION = YES;
				CLANG_WARN_OBJC_ROOT_CLASS = YES_ERROR;
				CLANG_WARN_UNREACHABLE_CODE = YES;
				CLANG_WARN__DUPLICATE_METHOD_MATCH = YES;
				CODE_SIGN_IDENTITY = "-";
				COPY_PHASE_STRIP = NO;
				DEBUG_INFORMATION_FORMAT = "dwarf-with-dsym";
				ENABLE_NS_ASSERTIONS = NO;
				ENABLE_STRICT_OBJC_MSGSEND = YES;
				GCC_C_LANGUAGE_STANDARD = gnu99;
				GCC_NO_COMMON_BLOCKS = YES;
				GCC_WARN_64_TO_32_BIT_CONVERSION = YES;
				GCC_WARN_ABOUT_RETURN_TYPE = YES_ERROR;
				GCC_WARN_UNDECLARED_SELECTOR = YES;
				GCC_WARN_UNINITIALIZED_AUTOS = YES_AGGRESSIVE;
				GCC_WARN_UNUSED_FUNCTION = YES;
				GCC_WARN_UNUSED_VARIABLE = YES;
				MACOSX_DEPLOYMENT_TARGET = 10.11;
				MTL_ENABLE_DEBUG_INFO = NO;
				SDKROOT = macosx;
			};
			name = Release;
		};
		E5777D801D2E3A1A0045DB65 /* Debug */ = {
			isa = XCBuildConfiguration;
			buildSettings = {
				ASSETCATALOG_COMPILER_APPICON_NAME = AppIcon;
				COMBINE_HIDPI_IMAGES = YES;
				INFOPLIST_FILE = SwiftOpenGL/Info.plist;
				LD_RUNPATH_SEARCH_PATHS = "$(inherited) @executable_path/../Frameworks";
				PRODUCT_BUNDLE_IDENTIFIER = io.github.pawelropa.SwiftOpenGL;
				PRODUCT_NAME = "$(TARGET_NAME)";
			};
			name = Debug;
		};
		E5777D811D2E3A1A0045DB65 /* Release */ = {
			isa = XCBuildConfiguration;
			buildSettings = {
				ASSETCATALOG_COMPILER_APPICON_NAME = AppIcon;
				COMBINE_HIDPI_IMAGES = YES;
				INFOPLIST_FILE = SwiftOpenGL/Info.plist;
				LD_RUNPATH_SEARCH_PATHS = "$(inherited) @executable_path/../Frameworks";
				PRODUCT_BUNDLE_IDENTIFIER = io.github.pawelropa.SwiftOpenGL;
				PRODUCT_NAME = "$(TARGET_NAME)";
			};
			name = Release;
		};
/* End XCBuildConfiguration section */

/* Begin XCConfigurationList section */
		E5777D6B1D2E3A1A0045DB65 /* Build configuration list for PBXProject "SwiftOpenGL" */ = {
			isa = XCConfigurationList;
			buildConfigurations = (
				E5777D7D1D2E3A1A0045DB65 /* Debug */,
				E5777D7E1D2E3A1A0045DB65 /* Release */,
			);
			defaultConfigurationIsVisible = 0;
			defaultConfigurationName = Release;
		};
		E5777D7F1D2E3A1A0045DB65 /* Build configuration list for PBXNativeTarget "SwiftOpenGL" */ = {
			isa = XCConfigurationList;
			buildConfigurations = (
				E5777D801D2E3A1A0045DB65 /* Debug */,
				E5777D811D2E3A1A0045DB65 /* Release */,
			);
			defaultConfigurationIsVisible = 0;
		};
/* End XCConfigurationList section */
	};
	rootObject = E5777D681D2E3A1A0045DB65 /* Project object */;
}
